PODS:
  - Capacitor (7.4.4):
    - CapacitorCordova
  - CapacitorCordova (7.4.4)
  - CapacitorFilesystem (7.1.5):
    - Capacitor
    - IONFilesystemLib (~> 1.0.1)
  - CapacitorKeyboard (7.0.3):
    - Capacitor
  - CapacitorPreferences (7.0.2):
    - Capacitor
  - CapacitorSplashScreen (7.0.3):
    - Capacitor
  - CapacitorStatusBar (7.0.3):
    - Capacitor
  - IONFilesystemLib (1.0.1)
  - PurchasesHybridCommon (17.21.0):
    - RevenueCat (= 5.49.0)
  - RevenueCat (5.49.0)
  - RevenuecatPurchasesCapacitor (11.2.16):
    - Capacitor
    - PurchasesHybridCommon (= 17.21.0)

DEPENDENCIES:
  - "Capacitor (from `../../node_modules/@capacitor/ios`)"
  - "CapacitorCordova (from `../../node_modules/@capacitor/ios`)"
  - "CapacitorFilesystem (from `../../node_modules/@capacitor/filesystem`)"
  - "CapacitorKeyboard (from `../../node_modules/@capacitor/keyboard`)"
  - "CapacitorPreferences (from `../../node_modules/@capacitor/preferences`)"
  - "CapacitorSplashScreen (from `../../node_modules/@capacitor/splash-screen`)"
  - "CapacitorStatusBar (from `../../node_modules/@capacitor/status-bar`)"
  - "RevenuecatPurchasesCapacitor (from `../../node_modules/@revenuecat/purchases-capacitor`)"

SPEC REPOS:
  trunk:
    - IONFilesystemLib
    - PurchasesHybridCommon
    - RevenueCat

EXTERNAL SOURCES:
  Capacitor:
    :path: "../../node_modules/@capacitor/ios"
  CapacitorCordova:
    :path: "../../node_modules/@capacitor/ios"
  CapacitorFilesystem:
    :path: "../../node_modules/@capacitor/filesystem"
  CapacitorKeyboard:
    :path: "../../node_modules/@capacitor/keyboard"
  CapacitorPreferences:
    :path: "../../node_modules/@capacitor/preferences"
  CapacitorSplashScreen:
    :path: "../../node_modules/@capacitor/splash-screen"
  CapacitorStatusBar:
    :path: "../../node_modules/@capacitor/status-bar"
  RevenuecatPurchasesCapacitor:
    :path: "../../node_modules/@revenuecat/purchases-capacitor"

SPEC CHECKSUMS:
  Capacitor: 358dd1c3fdd71d969547b17e159fd8a7736cb45f
  CapacitorCordova: bf648a636f3c153f652d312ae145fb508b6ffced
  CapacitorFilesystem: 609d5cceca1ed93d7f25839dbfdfd224bfe78209
  CapacitorKeyboard: 62f36104f26d53d8b3a2a43f2a69fe714f1777d5
  CapacitorPreferences: 65107ed7437d96ee72583df5763985e3c0ff2bc2
  CapacitorSplashScreen: e388b8e0ed0e982a9d3a40417f478e7a018a8763
  CapacitorStatusBar: 0659ddc7b1713764a05831463d215b177a15d054
  IONFilesystemLib: 89258b8e3e85465da93127d25d7ce37f977e8a6f
  PurchasesHybridCommon: 988d080cd69d7aa0895e52f993dae53b45a0e929
  RevenueCat: fa9ad7e1c8817deddb737646946b6b3d8b25f54b
  RevenuecatPurchasesCapacitor: ea59cd926bda7f3def99ad410f85c09758b7d921

PODFILE CHECKSUM: a2776982ce6565684b175c08ade460f92b6ab313

COCOAPODS: 1.16.2
